// !$*UTF8*$!
{
	archiveVersion = 1;
	classes = {
	};
	objectVersion = 46;
	objects = {

/* Begin PBXBuildFile section */
		84C7F9841E97900D00C2BF90 /* Meme.swift in Sources */ = {isa = PBXBuildFile; fileRef = 84C7F9831E97900D00C2BF90 /* Meme.swift */; };
		84CD4ED91E95846500912380 /* AppDelegate.swift in Sources */ = {isa = PBXBuildFile; fileRef = 84CD4ED81E95846500912380 /* AppDelegate.swift */; };
		84CD4EDB1E95846500912380 /* ViewController.swift in Sources */ = {isa = PBXBuildFile; fileRef = 84CD4EDA1E95846500912380 /* ViewController.swift */; };
		84CD4EDE1E95846500912380 /* Main.storyboard in Resources */ = {isa = PBXBuildFile; fileRef = 84CD4EDC1E95846500912380 /* Main.storyboard */; };
		84CD4EE01E95846500912380 /* Assets.xcassets in Resources */ = {isa = PBXBuildFile; fileRef = 84CD4EDF1E95846500912380 /* Assets.xcassets */; };
		84CD4EE31E95846500912380 /* LaunchScreen.storyboard in Resources */ = {isa = PBXBuildFile; fileRef = 84CD4EE11E95846500912380 /* LaunchScreen.storyboard */; };
		84E819AF1EBCCA150047FE2D /* MemeGenViewController.swift in Sources */ = {isa = PBXBuildFile; fileRef = 84E819AE1EBCCA150047FE2D /* MemeGenViewController.swift */; };
/* End PBXBuildFile section */

/* Begin PBXFileReference section */
		84C7F9831E97900D00C2BF90 /* Meme.swift */ = {isa = PBXFileReference; fileEncoding = 4; lastKnownFileType = sourcecode.swift; path = Meme.swift; sourceTree = "<group>"; };
		84CD4ED51E95846500912380 /* MemeFY.app */ = {isa = PBXFileReference; explicitFileType = wrapper.application; includeInIndex = 0; path = MemeFY.app; sourceTree = BUILT_PRODUCTS_DIR; };
		84CD4ED81E95846500912380 /* AppDelegate.swift */ = {isa = PBXFileReference; lastKnownFileType = sourcecode.swift; path = AppDelegate.swift; sourceTree = "<group>"; };
		84CD4EDA1E95846500912380 /* ViewController.swift */ = {isa = PBXFileReference; lastKnownFileType = sourcecode.swift; path = ViewController.swift; sourceTree = "<group>"; };
		84CD4EDD1E95846500912380 /* Base */ = {isa = PBXFileReference; lastKnownFileType = file.storyboard; name = Base; path = Base.lproj/Main.storyboard; sourceTree = "<group>"; };
		84CD4EDF1E95846500912380 /* Assets.xcassets */ = {isa = PBXFileReference; lastKnownFileType = folder.assetcatalog; path = Assets.xcassets; sourceTree = "<group>"; };
		84CD4EE21E95846500912380 /* Base */ = {isa = PBXFileReference; lastKnownFileType = file.storyboard; name = Base; path = Base.lproj/LaunchScreen.storyboard; sourceTree = "<group>"; };
		84CD4EE41E95846500912380 /* Info.plist */ = {isa = PBXFileReference; lastKnownFileType = text.plist.xml; path = Info.plist; sourceTree = "<group>"; };
		84E819AE1EBCCA150047FE2D /* MemeGenViewController.swift */ = {isa = PBXFileReference; fileEncoding = 4; lastKnownFileType = sourcecode.swift; path = MemeGenViewController.swift; sourceTree = "<group>"; };
/* End PBXFileReference section */

/* Begin PBXFrameworksBuildPhase section */
		84CD4ED21E95846500912380 /* Frameworks */ = {
			isa = PBXFrameworksBuildPhase;
			buildActionMask = 2147483647;
			files = (
			);
			runOnlyForDeploymentPostprocessing = 0;
		};
/* End PBXFrameworksBuildPhase section */

/* Begin PBXGroup section */
		84CD4ECC1E95846500912380 = {
			isa = PBXGroup;
			children = (
				84CD4ED71E95846500912380 /* MemeFY */,
				84CD4ED61E95846500912380 /* Products */,
			);
			sourceTree = "<group>";
		};
		84CD4ED61E95846500912380 /* Products */ = {
			isa = PBXGroup;
			children = (
				84CD4ED51E95846500912380 /* MemeFY.app */,
			);
			name = Products;
			sourceTree = "<group>";
		};
		84CD4ED71E95846500912380 /* MemeFY */ = {
			isa = PBXGroup;
			children = (
				84CD4ED81E95846500912380 /* AppDelegate.swift */,
				84E819AE1EBCCA150047FE2D /* MemeGenViewController.swift */,
				84CD4EDA1E95846500912380 /* ViewController.swift */,
				84C7F9831E97900D00C2BF90 /* Meme.swift */,
				84CD4EDC1E95846500912380 /* Main.storyboard */,
				84CD4EDF1E95846500912380 /* Assets.xcassets */,
				84CD4EE11E95846500912380 /* LaunchScreen.storyboard */,
				84CD4EE41E95846500912380 /* Info.plist */,
			);
			path = MemeFY;
			sourceTree = "<group>";
		};
/* End PBXGroup section */

/* Begin PBXNativeTarget section */
		84CD4ED41E95846500912380 /* MemeFY */ = {
			isa = PBXNativeTarget;
			buildConfigurationList = 84CD4EE71E95846500912380 /* Build configuration list for PBXNativeTarget "MemeFY" */;
			buildPhases = (
				84CD4ED11E95846500912380 /* Sources */,
				84CD4ED21E95846500912380 /* Frameworks */,
				84CD4ED31E95846500912380 /* Resources */,
			);
			buildRules = (
			);
			dependencies = (
			);
			name = MemeFY;
			productName = MemeFY;
			productReference = 84CD4ED51E95846500912380 /* MemeFY.app */;
			productType = "com.apple.product-type.application";
		};
/* End PBXNativeTarget section */

/* Begin PBXProject section */
		84CD4ECD1E95846500912380 /* Project object */ = {
			isa = PBXProject;
			attributes = {
				LastSwiftUpdateCheck = 0820;
				LastUpgradeCheck = 0820;
				ORGANIZATIONNAME = c4idiots;
				TargetAttributes = {
					84CD4ED41E95846500912380 = {
						CreatedOnToolsVersion = 8.2.1;
						ProvisioningStyle = Automatic;
					};
				};
			};
			buildConfigurationList = 84CD4ED01E95846500912380 /* Build configuration list for PBXProject "MemeFY" */;
			compatibilityVersion = "Xcode 3.2";
			developmentRegion = English;
			hasScannedForEncodings = 0;
			knownRegions = (
				en,
				Base,
			);
			mainGroup = 84CD4ECC1E95846500912380;
			productRefGroup = 84CD4ED61E95846500912380 /* Products */;
			projectDirPath = "";
			projectRoot = "";
			targets = (
				84CD4ED41E95846500912380 /* MemeFY */,
			);
		};
/* End PBXProject section */

/* Begin PBXResourcesBuildPhase section */
		84CD4ED31E95846500912380 /* Resources */ = {
			isa = PBXResourcesBuildPhase;
			buildActionMask = 2147483647;
			files = (
				84CD4EE31E95846500912380 /* LaunchScreen.storyboard in Resources */,
				84CD4EE01E95846500912380 /* Assets.xcassets in Resources */,
				84CD4EDE1E95846500912380 /* Main.storyboard in Resources */,
			);
			runOnlyForDeploymentPostprocessing = 0;
		};
/* End PBXResourcesBuildPhase section */

/* Begin PBXSourcesBuildPhase section */
		84CD4ED11E95846500912380 /* Sources */ = {
			isa = PBXSourcesBuildPhase;
			buildActionMask = 2147483647;
			files = (
				84C7F9841E97900D00C2BF90 /* Meme.swift in Sources */,
				84CD4EDB1E95846500912380 /* ViewController.swift in Sources */,
				84CD4ED91E95846500912380 /* AppDelegate.swift in Sources */,
				84E819AF1EBCCA150047FE2D /* MemeGenViewController.swift in Sources */,
			);
			runOnlyForDeploymentPostprocessing = 0;
		};
/* End PBXSourcesBuildPhase section */

/* Begin PBXVariantGroup section */
		84CD4EDC1E95846500912380 /* Main.storyboard */ = {
			isa = PBXVariantGroup;
			children = (
				84CD4EDD1E95846500912380 /* Base */,
			);
			name = Main.storyboard;
			sourceTree = "<group>";
		};
		84CD4EE11E95846500912380 /* LaunchScreen.storyboard */ = {
			isa = PBXVariantGroup;
			children = (
				84CD4EE21E95846500912380 /* Base */,
			);
			name = LaunchScreen.storyboard;
			sourceTree = "<group>";
		};
/* End PBXVariantGroup section */

/* Begin XCBuildConfiguration section */
		84CD4EE51E95846500912380 /* Debug */ = {
			isa = XCBuildConfiguration;
			buildSettings = {
				ALWAYS_SEARCH_USER_PATHS = NO;
				CLANG_ANALYZER_NONNULL = YES;
				CLANG_CXX_LANGUAGE_STANDARD = "gnu++0x";
				CLANG_CXX_LIBRARY = "libc++";
				CLANG_ENABLE_MODULES = YES;
				CLANG_ENABLE_OBJC_ARC = YES;
				CLANG_WARN_BOOL_CONVERSION = YES;
				CLANG_WARN_CONSTANT_CONVERSION = YES;
				CLANG_WARN_DIRECT_OBJC_ISA_USAGE = YES_ERROR;
				CLANG_WARN_DOCUMENTATION_COMMENTS = YES;
				CLANG_WARN_EMPTY_BODY = YES;
				CLANG_WARN_ENUM_CONVERSION = YES;
				CLANG_WARN_INFINITE_RECURSION = YES;
				CLANG_WARN_INT_CONVERSION = YES;
				CLANG_WARN_OBJC_ROOT_CLASS = YES_ERROR;
				CLANG_WARN_SUSPICIOUS_MOVE = YES;
				CLANG_WARN_UNREACHABLE_CODE = YES;
				CLANG_WARN__DUPLICATE_METHOD_MATCH = YES;
				"CODE_SIGN_IDENTITY[sdk=iphoneos*]" = "iPhone Developer";
				COPY_PHASE_STRIP = NO;
				DEBUG_INFORMATION_FORMAT = dwarf;
				ENABLE_STRICT_OBJC_MSGSEND = YES;
				ENABLE_TESTABILITY = YES;
				GCC_C_LANGUAGE_STANDARD = gnu99;
				GCC_DYNAMIC_NO_PIC = NO;
				GCC_NO_COMMON_BLOCKS = YES;
				GCC_OPTIMIZATION_LEVEL = 0;
				GCC_PREPROCESSOR_DEFINITIONS = (
					"DEBUG=1",
					"$(inherited)",
				);
				GCC_WARN_64_TO_32_BIT_CONVERSION = YES;
				GCC_WARN_ABOUT_RETURN_TYPE = YES_ERROR;
				GCC_WARN_UNDECLARED_SELECTOR = YES;
				GCC_WARN_UNINITIALIZED_AUTOS = YES_AGGRESSIVE;
				GCC_WARN_UNUSED_FUNCTION = YES;
				GCC_WARN_UNUSED_VARIABLE = YES;
				IPHONEOS_DEPLOYMENT_TARGET = 10.2;
				MTL_ENABLE_DEBUG_INFO = YES;
				ONLY_ACTIVE_ARCH = YES;
				SDKROOT = iphoneos;
				SWIFT_ACTIVE_COMPILATION_CONDITIONS = DEBUG;
				SWIFT_OPTIMIZATION_LEVEL = "-Onone";
			};
			name = Debug;
		};
		84CD4EE61E95846500912380 /* Release */ = {
			isa = XCBuildConfiguration;
			buildSettings = {
				ALWAYS_SEARCH_USER_PATHS = NO;
				CLANG_ANALYZER_NONNULL = YES;
				CLANG_CXX_LANGUAGE_STANDARD = "gnu++0x";
				CLANG_CXX_LIBRARY = "libc++";
				CLANG_ENABLE_MODULES = YES;
				CLANG_ENABLE_OBJC_ARC = YES;
				CLANG_WARN_BOOL_CONVERSION = YES;
				CLANG_WARN_CONSTANT_CONVERSION = YES;
				CLANG_WARN_DIRECT_OBJC_ISA_USAGE = YES_ERROR;
				CLANG_WARN_DOCUMENTATION_COMMENTS = YES;
				CLANG_WARN_EMPTY_BODY = YES;
				CLANG_WARN_ENUM_CONVERSION = YES;
				CLANG_WARN_INFINITE_RECURSION = YES;
				CLANG_WARN_INT_CONVERSION = YES;
				CLANG_WARN_OBJC_ROOT_CLASS = YES_ERROR;
				CLANG_WARN_SUSPICIOUS_MOVE = YES;
				CLANG_WARN_UNREACHABLE_CODE = YES;
				CLANG_WARN__DUPLICATE_METHOD_MATCH = YES;
				"CODE_SIGN_IDENTITY[sdk=iphoneos*]" = "iPhone Developer";
				COPY_PHASE_STRIP = NO;
				DEBUG_INFORMATION_FORMAT = "dwarf-with-dsym";
				ENABLE_NS_ASSERTIONS = NO;
				ENABLE_STRICT_OBJC_MSGSEND = YES;
				GCC_C_LANGUAGE_STANDARD = gnu99;
				GCC_NO_COMMON_BLOCKS = YES;
				GCC_WARN_64_TO_32_BIT_CONVERSION = YES;
				GCC_WARN_ABOUT_RETURN_TYPE = YES_ERROR;
				GCC_WARN_UNDECLARED_SELECTOR = YES;
				GCC_WARN_UNINITIALIZED_AUTOS = YES_AGGRESSIVE;
				GCC_WARN_UNUSED_FUNCTION = YES;
				GCC_WARN_UNUSED_VARIABLE = YES;
				IPHONEOS_DEPLOYMENT_TARGET = 10.2;
				MTL_ENABLE_DEBUG_INFO = NO;
				SDKROOT = iphoneos;
				SWIFT_OPTIMIZATION_LEVEL = "-Owholemodule";
				VALIDATE_PRODUCT = YES;
			};
			name = Release;
		};
		84CD4EE81E95846500912380 /* Debug */ = {
			isa = XCBuildConfiguration;
			buildSettings = {
				ASSETCATALOG_COMPILER_APPICON_NAME = AppIcon;
				INFOPLIST_FILE = MemeFY/Info.plist;
				LD_RUNPATH_SEARCH_PATHS = "$(inherited) @executable_path/Frameworks";
				PRODUCT_BUNDLE_IDENTIFIER = c4idiots.boom.MemeFY;
				PRODUCT_NAME = "$(TARGET_NAME)";
				SWIFT_VERSION = 3.0;
			};
			name = Debug;
		};
		84CD4EE91E95846500912380 /* Release */ = {
			isa = XCBuildConfiguration;
			buildSettings = {
				ASSETCATALOG_COMPILER_APPICON_NAME = AppIcon;
				INFOPLIST_FILE = MemeFY/Info.plist;
				LD_RUNPATH_SEARCH_PATHS = "$(inherited) @executable_path/Frameworks";
				PRODUCT_BUNDLE_IDENTIFIER = c4idiots.boom.MemeFY;
				PRODUCT_NAME = "$(TARGET_NAME)";
				SWIFT_VERSION = 3.0;
			};
			name = Release;
		};
/* End XCBuildConfiguration section */

/* Begin XCConfigurationList section */
		84CD4ED01E95846500912380 /* Build configuration list for PBXProject "MemeFY" */ = {
			isa = XCConfigurationList;
			buildConfigurations = (
				84CD4EE51E95846500912380 /* Debug */,
				84CD4EE61E95846500912380 /* Release */,
			);
			defaultConfigurationIsVisible = 0;
			defaultConfigurationName = Release;
		};
		84CD4EE71E95846500912380 /* Build configuration list for PBXNativeTarget "MemeFY" */ = {
			isa = XCConfigurationList;
			buildConfigurations = (
				84CD4EE81E95846500912380 /* Debug */,
				84CD4EE91E95846500912380 /* Release */,
			);
			defaultConfigurationIsVisible = 0;
			defaultConfigurationName = Release;
		};
/* End XCConfigurationList section */
	};
	rootObject = 84CD4ECD1E95846500912380 /* Project object */;
}
